{
    "_meta": {
        "hash": {
            "sha256": "ce40e86477ab2d01060fd618ccc850eee177d0a45dc7379cb0f214c1d9df4417"
        },
        "pipfile-spec": 6,
        "requires": {
            "python_version": "3.8"
        },
        "sources": [
            {
                "name": "pypi",
                "url": "https://pypi.org/simple",
                "verify_ssl": true
            }
        ]
    },
    "default": {
        "anyio": {
            "hashes": [
                "sha256:413adf95f93886e442aea925f3ee43baa5a765a64a0f52c6081894f9992fdd0b",
                "sha256:cb29b9c70620506a9a8f87a309591713446953302d7d995344d0d7c6c0c9a7be"
            ],
            "markers": "python_full_version >= '3.6.2'",
            "version": "==3.6.1"
        },
        "certifi": {
            "hashes": [
                "sha256:78884e7c1d4b00ce3cea67b44566851c4343c120abd683433ce934a68ea58872",
                "sha256:d62a0163eb4c2344ac042ab2bdf75399a71a2d8c7d47eac2e2ee91b9d6339569"
            ],
            "version": "==2021.10.8"
        },
        "chardet": {
            "hashes": [
                "sha256:0d6f53a15db4120f2b08c94f11e7d93d2c911ee118b6b30a04ec3ee8310179fa",
                "sha256:f864054d66fd9118f2e67044ac8981a54775ec5b67aed0441892edb553d21da5"
            ],
            "markers": "python_version >= '2.7' and python_version not in '3.0, 3.1, 3.2, 3.3, 3.4'",
            "version": "==4.0.0"
        },
        "click": {
            "hashes": [
                "sha256:d2b5255c7c6349bc1bd1e59e08cd12acbbd63ce649f2588755783aa94dfb6b1a",
                "sha256:dacca89f4bfadd5de3d7489b7c8a566eee0d3676333fbb50030263894c38c0dc"
            ],
            "markers": "python_version >= '2.7' and python_version not in '3.0, 3.1, 3.2, 3.3, 3.4'",
            "version": "==7.1.2"
        },
        "ecdsa": {
            "hashes": [
                "sha256:64c613005f13efec6541bb0a33290d0d03c27abab5f15fbab20fb0ee162bdd8e",
                "sha256:e108a5fe92c67639abae3260e43561af914e7fd0d27bae6d2ec1312ae7934dfe"
            ],
            "markers": "python_version >= '2.6' and python_version not in '3.0, 3.1, 3.2, 3.3'",
            "version": "==0.14.1"
        },
        "fastapi": {
            "hashes": [
                "sha256:63c4592f5ef3edf30afa9a44fa7c6b7ccb20e0d3f68cd9eba07b44d552058dcb",
                "sha256:98d8ea9591d8512fdadf255d2a8fa56515cdd8624dca4af369da73727409508e"
            ],
            "index": "pypi",
            "version": "==0.63.0"
        },
        "gunicorn": {
            "hashes": [
                "sha256:1904bb2b8a43658807108d59c3f3d56c2b6121a701161de0ddf9ad140073c626",
                "sha256:cd4a810dd51bf497552cf3f863b575dabd73d6ad6a91075b65936b151cbf4f9c"
            ],
            "index": "pypi",
            "version": "==20.0.4"
        },
        "h11": {
            "hashes": [
                "sha256:70813c1135087a248a4d38cc0e1a0181ffab2188141a93eaf567940c3957ff06",
                "sha256:8ddd78563b633ca55346c8cd41ec0af27d3c79931828beffb46ce70a379e7442"
            ],
            "markers": "python_version >= '3.6'",
            "version": "==0.13.0"
        },
        "httptools": {
            "hashes": [
                "sha256:0a4b1b2012b28e68306575ad14ad5e9120b34fccd02a81eb08838d7e3bbb48be",
                "sha256:3592e854424ec94bd17dc3e0c96a64e459ec4147e6d53c0a42d0ebcef9cb9c5d",
                "sha256:41b573cf33f64a8f8f3400d0a7faf48e1888582b6f6e02b82b9bd4f0bf7497ce",
                "sha256:56b6393c6ac7abe632f2294da53f30d279130a92e8ae39d8d14ee2e1b05ad1f2",
                "sha256:86c6acd66765a934e8730bf0e9dfaac6fdcf2a4334212bd4a0a1c78f16475ca6",
                "sha256:96da81e1992be8ac2fd5597bf0283d832287e20cb3cfde8996d2b00356d4e17f",
                "sha256:96eb359252aeed57ea5c7b3d79839aaa0382c9d3149f7d24dd7172b1bcecb009",
                "sha256:a2719e1d7a84bb131c4f1e0cb79705034b48de6ae486eb5297a139d6a3296dce",
                "sha256:ac0aa11e99454b6a66989aa2d44bca41d4e0f968e395a0a8f164b401fefe359a",
                "sha256:bc3114b9edbca5a1eb7ae7db698c669eb53eb8afbbebdde116c174925260849c",
                "sha256:fa3cd71e31436911a44620473e873a256851e1f53dee56669dae403ba41756a4",
                "sha256:fea04e126014169384dee76a153d4573d90d0cbd1d12185da089f73c78390437"
            ],
            "index": "pypi",
            "version": "==0.1.1"
        },
        "idna": {
            "hashes": [
                "sha256:b307872f855b18632ce0c21c5e45be78c0ea7ae4c15c828c20788b26921eb3f6",
                "sha256:b97d804b1e9b523befed77c48dacec60e6dcb0b5391d57af6a65a312a90648c0"
            ],
            "markers": "python_version >= '2.7' and python_version not in '3.0, 3.1, 3.2, 3.3'",
            "version": "==2.10"
        },
        "pyasn1": {
            "hashes": [
                "sha256:014c0e9976956a08139dc0712ae195324a75e142284d5f87f1a87ee1b068a359",
                "sha256:03840c999ba71680a131cfaee6fab142e1ed9bbd9c693e285cc6aca0d555e576",
                "sha256:0458773cfe65b153891ac249bcf1b5f8f320b7c2ce462151f8fa74de8934becf",
                "sha256:08c3c53b75eaa48d71cf8c710312316392ed40899cb34710d092e96745a358b7",
                "sha256:39c7e2ec30515947ff4e87fb6f456dfc6e84857d34be479c9d4a4ba4bf46aa5d",
                "sha256:5c9414dcfede6e441f7e8f81b43b34e834731003427e5b09e4e00e3172a10f00",
                "sha256:6e7545f1a61025a4e58bb336952c5061697da694db1cae97b116e9c46abcf7c8",
                "sha256:78fa6da68ed2727915c4767bb386ab32cdba863caa7dbe473eaae45f9959da86",
                "sha256:7ab8a544af125fb704feadb008c99a88805126fb525280b2270bb25cc1d78a12",
                "sha256:99fcc3c8d804d1bc6d9a099921e39d827026409a58f2a720dcdb89374ea0c776",
                "sha256:aef77c9fb94a3ac588e87841208bdec464471d9871bd5050a287cc9a475cd0ba",
                "sha256:e89bf84b5437b532b0803ba5c9a5e054d21fec423a89952a74f87fa2c9b7bce2",
                "sha256:fec3e9d8e36808a28efb59b489e4528c10ad0f480e57dcc32b4de5c9d8c9fdf3"
            ],
            "version": "==0.4.8"
        },
        "pydantic": {
            "hashes": [
                "sha256:085ca1de245782e9b46cefcf99deecc67d418737a1fd3f6a4f511344b613a5b3",
                "sha256:086254884d10d3ba16da0588604ffdc5aab3f7f09557b998373e885c690dd398",
                "sha256:0b6037175234850ffd094ca77bf60fb54b08b5b22bc85865331dd3bda7a02fa1",
                "sha256:0fe476769acaa7fcddd17cadd172b156b53546ec3614a4d880e5d29ea5fbce65",
                "sha256:1d5278bd9f0eee04a44c712982343103bba63507480bfd2fc2790fa70cd64cf4",
                "sha256:2cc6a4cb8a118ffec2ca5fcb47afbacb4f16d0ab8b7350ddea5e8ef7bcc53a16",
                "sha256:2ee7e3209db1e468341ef41fe263eb655f67f5c5a76c924044314e139a1103a2",
                "sha256:3011b975c973819883842c5ab925a4e4298dffccf7782c55ec3580ed17dc464c",
                "sha256:3c3b035103bd4e2e4a28da9da7ef2fa47b00ee4a9cf4f1a735214c1bcd05e0f6",
                "sha256:4c68c3bc88dbda2a6805e9a142ce84782d3930f8fdd9655430d8576315ad97ce",
                "sha256:574936363cd4b9eed8acdd6b80d0143162f2eb654d96cb3a8ee91d3e64bf4cf9",
                "sha256:5a79330f8571faf71bf93667d3ee054609816f10a259a109a0738dac983b23c3",
                "sha256:5e48ef4a8b8c066c4a31409d91d7ca372a774d0212da2787c0d32f8045b1e034",
                "sha256:6c5b77947b9e85a54848343928b597b4f74fc364b70926b3c4441ff52620640c",
                "sha256:742645059757a56ecd886faf4ed2441b9c0cd406079c2b4bee51bcc3fbcd510a",
                "sha256:7bdfdadb5994b44bd5579cfa7c9b0e1b0e540c952d56f627eb227851cda9db77",
                "sha256:815ddebb2792efd4bba5488bc8fde09c29e8ca3227d27cf1c6990fc830fd292b",
                "sha256:8b5ac0f1c83d31b324e57a273da59197c83d1bb18171e512908fe5dc7278a1d6",
                "sha256:96f240bce182ca7fe045c76bcebfa0b0534a1bf402ed05914a6f1dadff91877f",
                "sha256:a733965f1a2b4090a5238d40d983dcd78f3ecea221c7af1497b845a9709c1721",
                "sha256:ab624700dc145aa809e6f3ec93fb8e7d0f99d9023b713f6a953637429b437d37",
                "sha256:b2571db88c636d862b35090ccf92bf24004393f85c8870a37f42d9f23d13e032",
                "sha256:bbbc94d0c94dd80b3340fc4f04fd4d701f4b038ebad72c39693c794fd3bc2d9d",
                "sha256:c0727bda6e38144d464daec31dff936a82917f431d9c39c39c60a26567eae3ed",
                "sha256:c556695b699f648c58373b542534308922c46a1cda06ea47bc9ca45ef5b39ae6",
                "sha256:c86229333cabaaa8c51cf971496f10318c4734cf7b641f08af0a6fbf17ca3054",
                "sha256:c8d7da6f1c1049eefb718d43d99ad73100c958a5367d30b9321b092771e96c25",
                "sha256:c8e9dcf1ac499679aceedac7e7ca6d8641f0193c591a2d090282aaf8e9445a46",
                "sha256:cb23bcc093697cdea2708baae4f9ba0e972960a835af22560f6ae4e7e47d33f5",
                "sha256:d1e4c28f30e767fd07f2ddc6f74f41f034d1dd6bc526cd59e63a82fe8bb9ef4c",
                "sha256:d9c9bdb3af48e242838f9f6e6127de9be7063aad17b32215ccc36a09c5cf1070",
                "sha256:dee5ef83a76ac31ab0c78c10bd7d5437bfdb6358c95b91f1ba7ff7b76f9996a1",
                "sha256:e0896200b6a40197405af18828da49f067c2fa1f821491bc8f5bde241ef3f7d7",
                "sha256:f5a64b64ddf4c99fe201ac2724daada8595ada0d102ab96d019c1555c2d6441d",
                "sha256:f947352c3434e8b937e3aa8f96f47bdfe6d92779e44bb3f41e4c213ba6a32145"
            ],
            "markers": "python_full_version >= '3.6.1'",
            "version": "==1.9.0"
        },
        "python-dotenv": {
            "hashes": [
                "sha256:b7e3b04a59693c42c36f9ab1cc2acc46fa5df8c78e178fc33a8d4cd05c8d498f",
                "sha256:d92a187be61fe482e4fd675b6d52200e7be63a12b724abbf931a40ce4fa92938"
            ],
            "version": "==0.20.0"
        },
        "python-jose": {
            "hashes": [
                "sha256:4e4192402e100b5fb09de5a8ea6bcc39c36ad4526341c123d401e2561720335b",
                "sha256:67d7dfff599df676b04a996520d9be90d6cdb7e6dd10b4c7cacc0c3e2e92f2be"
            ],
            "index": "pypi",
            "version": "==3.2.0"
        },
        "pytz": {
            "hashes": [
                "sha256:83a4a90894bf38e243cf052c8b58f381bfe9a7a483f6a9cab140bc7f702ac4da",
                "sha256:eb10ce3e7736052ed3623d49975ce333bcd712c7bb19a58b9e2089d4057d0798"
            ],
            "index": "pypi",
            "version": "==2021.1"
        },
        "pyyaml": {
            "hashes": [
                "sha256:0283c35a6a9fbf047493e3a0ce8d79ef5030852c51e9d911a27badfde0605293",
                "sha256:055d937d65826939cb044fc8c9b08889e8c743fdc6a32b33e2390f66013e449b",
                "sha256:07751360502caac1c067a8132d150cf3d61339af5691fe9e87803040dbc5db57",
                "sha256:0b4624f379dab24d3725ffde76559cff63d9ec94e1736b556dacdfebe5ab6d4b",
                "sha256:0ce82d761c532fe4ec3f87fc45688bdd3a4c1dc5e0b4a19814b9009a29baefd4",
                "sha256:1e4747bc279b4f613a09eb64bba2ba602d8a6664c6ce6396a4d0cd413a50ce07",
                "sha256:213c60cd50106436cc818accf5baa1aba61c0189ff610f64f4a3e8c6726218ba",
                "sha256:231710d57adfd809ef5d34183b8ed1eeae3f76459c18fb4a0b373ad56bedcdd9",
                "sha256:277a0ef2981ca40581a47093e9e2d13b3f1fbbeffae064c1d21bfceba2030287",
                "sha256:2cd5df3de48857ed0544b34e2d40e9fac445930039f3cfe4bcc592a1f836d513",
                "sha256:40527857252b61eacd1d9af500c3337ba8deb8fc298940291486c465c8b46ec0",
                "sha256:473f9edb243cb1935ab5a084eb238d842fb8f404ed2193a915d1784b5a6b5fc0",
                "sha256:48c346915c114f5fdb3ead70312bd042a953a8ce5c7106d5bfb1a5254e47da92",
                "sha256:50602afada6d6cbfad699b0c7bb50d5ccffa7e46a3d738092afddc1f9758427f",
                "sha256:68fb519c14306fec9720a2a5b45bc9f0c8d1b9c72adf45c37baedfcd949c35a2",
                "sha256:77f396e6ef4c73fdc33a9157446466f1cff553d979bd00ecb64385760c6babdc",
                "sha256:819b3830a1543db06c4d4b865e70ded25be52a2e0631ccd2f6a47a2822f2fd7c",
                "sha256:897b80890765f037df3403d22bab41627ca8811ae55e9a722fd0392850ec4d86",
                "sha256:98c4d36e99714e55cfbaaee6dd5badbc9a1ec339ebfc3b1f52e293aee6bb71a4",
                "sha256:9df7ed3b3d2e0ecfe09e14741b857df43adb5a3ddadc919a2d94fbdf78fea53c",
                "sha256:9fa600030013c4de8165339db93d182b9431076eb98eb40ee068700c9c813e34",
                "sha256:a80a78046a72361de73f8f395f1f1e49f956c6be882eed58505a15f3e430962b",
                "sha256:b3d267842bf12586ba6c734f89d1f5b871df0273157918b0ccefa29deb05c21c",
                "sha256:b5b9eccad747aabaaffbc6064800670f0c297e52c12754eb1d976c57e4f74dcb",
                "sha256:c5687b8d43cf58545ade1fe3e055f70eac7a5a1a0bf42824308d868289a95737",
                "sha256:cba8c411ef271aa037d7357a2bc8f9ee8b58b9965831d9e51baf703280dc73d3",
                "sha256:d15a181d1ecd0d4270dc32edb46f7cb7733c7c508857278d3d378d14d606db2d",
                "sha256:d4db7c7aef085872ef65a8fd7d6d09a14ae91f691dec3e87ee5ee0539d516f53",
                "sha256:d4eccecf9adf6fbcc6861a38015c2a64f38b9d94838ac1810a9023a0609e1b78",
                "sha256:d67d839ede4ed1b28a4e8909735fc992a923cdb84e618544973d7dfc71540803",
                "sha256:daf496c58a8c52083df09b80c860005194014c3698698d1a57cbcfa182142a3a",
                "sha256:e61ceaab6f49fb8bdfaa0f92c4b57bcfbea54c09277b1b4f7ac376bfb7a7c174",
                "sha256:f84fbc98b019fef2ee9a1cb3ce93e3187a6df0b2538a651bfb890254ba9f90b5"
            ],
            "version": "==6.0"
        },
        "requests": {
            "hashes": [
                "sha256:27973dd4a904a4f13b263a19c866c13b92a39ed1c964655f025f3f8d3d75b804",
                "sha256:c210084e36a42ae6b9219e00e48287def368a26d03a048ddad7bfee44f75871e"
            ],
            "index": "pypi",
            "version": "==2.25.1"
        },
        "rsa": {
            "hashes": [
                "sha256:5c6bd9dc7a543b7fe4304a631f8a8a3b674e2bbfc49c2ae96200cdbe55df6b17",
                "sha256:95c5d300c4e879ee69708c428ba566c59478fd653cc3a22243eeb8ed846950bb"
            ],
            "markers": "python_version >= '3.6' and python_version < '4'",
            "version": "==4.8"
        },
        "sentry-sdk": {
            "hashes": [
                "sha256:259535ba66933eacf85ab46524188c84dcb4c39f40348455ce15e2c0aca68863",
                "sha256:778b53f0a6c83b1ee43d3b7886318ba86d975e686cb2c7906ccc35b334360be1"
            ],
            "index": "pypi",
            "version": "==1.5.12"
        },
        "setuptools": {
            "hashes": [
                "sha256:512dfeb3cca6747fd9074f91d8cd4714b50d0d8726b3f6a25f8c33ee9ad22b5a",
                "sha256:d4eebe23c2ed4d73fa69d4f78e4b59b9648cbd22c43018ee2e8b911866535463"
            ],
            "markers": "python_version >= '3.7'",
            "version": "==62.3.0"
        },
        "six": {
            "hashes": [
                "sha256:30639c035cdb23534cd4aa2dd52c3bf48f06e5f4a941509c8bafd8ce11080259",
                "sha256:8b74bedcbbbaca38ff6d7491d76f2b06b3592611af620f8426e82dddb04a5ced"
            ],
            "index": "pypi",
            "version": "==1.15.0"
        },
        "sniffio": {
            "hashes": [
                "sha256:471b71698eac1c2112a40ce2752bb2f4a4814c22a54a3eed3676bc0f5ca9f663",
                "sha256:c4666eecec1d3f50960c6bdf61ab7bc350648da6c126e3cf6898d8cd4ddcd3de"
            ],
            "markers": "python_version >= '3.5'",
            "version": "==1.2.0"
        },
        "starlette": {
            "hashes": [
                "sha256:bd2ffe5e37fb75d014728511f8e68ebf2c80b0fa3d04ca1479f4dc752ae31ac9",
                "sha256:ebe8ee08d9be96a3c9f31b2cb2a24dbdf845247b745664bd8a3f9bd0c977fdbc"
            ],
            "markers": "python_version >= '3.6'",
            "version": "==0.13.6"
        },
        "typing-extensions": {
            "hashes": [
                "sha256:7cb407020f00f7bfc3cb3e7881628838e69d8f3fcab2f64742a5e76b2f841918",
                "sha256:99d4073b617d30288f569d3f13d2bd7548c3a7e4c8de87db09a9d29bb3a4a60c",
                "sha256:dafc7639cde7f1b6e1acc0f457842a83e722ccca8eef5270af2d74792619a89f"
            ],
            "index": "pypi",
            "version": "==3.7.4.3"
        },
        "urllib3": {
            "hashes": [
                "sha256:44ece4d53fb1706f667c9bd1c648f5469a2ec925fcf3a776667042d645472c14",
                "sha256:aabaf16477806a5e1dd19aa41f8c2b7950dd3c746362d7e3223dbe6de6ac448e"
            ],
            "markers": "python_version >= '2.7' and python_version not in '3.0, 3.1, 3.2, 3.3, 3.4' and python_version < '4'",
            "version": "==1.26.9"
        },
        "uvicorn": {
            "extras": [
                "standard"
            ],
            "hashes": [
                "sha256:3292251b3c7978e8e4a7868f4baf7f7f7bb7e40c759ecc125c37e99cdea34202",
                "sha256:7587f7b08bd1efd2b9bad809a3d333e972f1d11af8a5e52a9371ee3a5de71524"
            ],
            "index": "pypi",
            "version": "==0.13.4"
        },
        "uvloop": {
            "hashes": [
                "sha256:114543c84e95df1b4ff546e6e3a27521580466a30127f12172a3278172ad68bc",
                "sha256:19fa1d56c91341318ac5d417e7b61c56e9a41183946cc70c411341173de02c69",
                "sha256:2bb0624a8a70834e54dde8feed62ed63b50bad7a1265c40d6403a2ac447bce01",
                "sha256:42eda9f525a208fbc4f7cecd00fa15c57cc57646c76632b3ba2fe005004f051d",
                "sha256:44cac8575bf168601424302045234d74e3561fbdbac39b2b54cc1d1d00b70760",
                "sha256:6de130d0cb78985a5d080e323b86c5ecaf3af82f4890492c05981707852f983c",
                "sha256:7ae39b11a5f4cec1432d706c21ecc62f9e04d116883178b09671aa29c46f7a47",
                "sha256:90e56f17755e41b425ad19a08c41dc358fa7bf1226c0f8e54d4d02d556f7af7c",
                "sha256:b45218c99795803fb8bdbc9435ff7f54e3a591b44cd4c121b02fa83affb61c7c",
                "sha256:e5e5f855c9bf483ee6cd1eb9a179b740de80cb0ae2988e3fa22309b78e2ea0e7"
            ],
            "index": "pypi",
            "version": "==0.15.2"
        },
        "watchgod": {
            "hashes": [
                "sha256:2f3e8137d98f493ff58af54ea00f4d1433a6afe2ed08ab331a657df468c6bfce",
                "sha256:cb11ff66657befba94d828e3b622d5fb76f22fbda1376f355f3e6e51e97d9450"
            ],
            "version": "==0.8.2"
        },
        "websockets": {
            "hashes": [
                "sha256:0e4fb4de42701340bd2353bb2eee45314651caa6ccee80dbd5f5d5978888fed5",
                "sha256:1d3f1bf059d04a4e0eb4985a887d49195e15ebabc42364f4eb564b1d065793f5",
                "sha256:20891f0dddade307ffddf593c733a3fdb6b83e6f9eef85908113e628fa5a8308",
                "sha256:295359a2cc78736737dd88c343cd0747546b2174b5e1adc223824bcaf3e164cb",
                "sha256:2db62a9142e88535038a6bcfea70ef9447696ea77891aebb730a333a51ed559a",
                "sha256:3762791ab8b38948f0c4d281c8b2ddfa99b7e510e46bd8dfa942a5fff621068c",
                "sha256:3db87421956f1b0779a7564915875ba774295cc86e81bc671631379371af1170",
                "sha256:3ef56fcc7b1ff90de46ccd5a687bbd13a3180132268c4254fc0fa44ecf4fc422",
                "sha256:4f9f7d28ce1d8f1295717c2c25b732c2bc0645db3215cf757551c392177d7cb8",
                "sha256:5c01fd846263a75bc8a2b9542606927cfad57e7282965d96b93c387622487485",
                "sha256:5c65d2da8c6bce0fca2528f69f44b2f977e06954c8512a952222cea50dad430f",
                "sha256:751a556205d8245ff94aeef23546a1113b1dd4f6e4d102ded66c39b99c2ce6c8",
                "sha256:7ff46d441db78241f4c6c27b3868c9ae71473fe03341340d2dfdbe8d79310acc",
                "sha256:965889d9f0e2a75edd81a07592d0ced54daa5b0785f57dc429c378edbcffe779",
                "sha256:9b248ba3dd8a03b1a10b19efe7d4f7fa41d158fdaa95e2cf65af5a7b95a4f989",
                "sha256:9bef37ee224e104a413f0780e29adb3e514a5b698aabe0d969a6ba426b8435d1",
                "sha256:c1ec8db4fac31850286b7cd3b9c0e1b944204668b8eb721674916d4e28744092",
                "sha256:c8a116feafdb1f84607cb3b14aa1418424ae71fee131642fc568d21423b51824",
                "sha256:ce85b06a10fc65e6143518b96d3dca27b081a740bae261c2fb20375801a9d56d",
                "sha256:d705f8aeecdf3262379644e4b55107a3b55860eb812b673b28d0fbc347a60c55",
                "sha256:e898a0863421650f0bebac8ba40840fc02258ef4714cb7e1fd76b6a6354bda36",
                "sha256:f8a7bff6e8664afc4e6c28b983845c5bc14965030e3fb98789734d416af77c4b"
            ],
            "version": "==8.1"
        }
    },
    "develop": {
        "appdirs": {
            "hashes": [
                "sha256:7d5d0167b2b1ba821647616af46a749d1c653740dd0d2415100fe26e27afdf41",
                "sha256:a841dacd6b99318a741b166adb07e19ee71a274450e68237b4650ca1055ab128"
            ],
            "version": "==1.4.4"
        },
        "black": {
            "hashes": [
                "sha256:1c02557aa099101b9d21496f8a914e9ed2222ef70336404eeeac8edba836fbea"
            ],
            "index": "pypi",
            "version": "==20.8b1"
        },
        "click": {
            "hashes": [
                "sha256:d2b5255c7c6349bc1bd1e59e08cd12acbbd63ce649f2588755783aa94dfb6b1a",
                "sha256:dacca89f4bfadd5de3d7489b7c8a566eee0d3676333fbb50030263894c38c0dc"
            ],
            "markers": "python_version >= '2.7' and python_version not in '3.0, 3.1, 3.2, 3.3, 3.4'",
            "version": "==7.1.2"
        },
        "flake8": {
            "hashes": [
                "sha256:12d05ab02614b6aee8df7c36b97d1a3b2372761222b19b58621355e82acddcff",
                "sha256:78873e372b12b093da7b5e5ed302e8ad9e988b38b063b61ad937f26ca58fc5f0"
            ],
            "index": "pypi",
            "version": "==3.9.0"
        },
        "mccabe": {
            "hashes": [
                "sha256:ab8a6258860da4b6677da4bd2fe5dc2c659cff31b3ee4f7f5d64e79735b80d42",
                "sha256:dd8d182285a0fe56bace7f45b5e7d1a6ebcbf524e8f3bd87eb0f125271b8831f"
            ],
            "version": "==0.6.1"
        },
        "mypy-extensions": {
            "hashes": [
                "sha256:090fedd75945a69ae91ce1303b5824f428daf5a028d2f6ab8a299250a846f15d",
                "sha256:2d82818f5bb3e369420cb3c4060a7970edba416647068eb4c5343488a6c604a8"
            ],
            "version": "==0.4.3"
        },
        "pathspec": {
            "hashes": [
                "sha256:7d15c4ddb0b5c802d161efc417ec1a2558ea2653c2e8ad9c19098201dc1c993a",
                "sha256:e564499435a2673d586f6b2130bb5b95f04a3ba06f81b8f895b651a3c76aabb1"
            ],
            "version": "==0.9.0"
        },
        "pycodestyle": {
            "hashes": [
                "sha256:514f76d918fcc0b55c6680472f0a37970994e07bbb80725808c17089be302068",
                "sha256:c389c1d06bf7904078ca03399a4816f974a1d590090fecea0c63ec26ebaf1cef"
            ],
            "markers": "python_version >= '2.7' and python_version not in '3.0, 3.1, 3.2, 3.3'",
            "version": "==2.7.0"
        },
        "pyflakes": {
            "hashes": [
                "sha256:7893783d01b8a89811dd72d7dfd4d84ff098e5eed95cfa8905b22bbffe52efc3",
                "sha256:f5bc8ecabc05bb9d291eb5203d6810b49040f6ff446a756326104746cc00c1db"
            ],
            "markers": "python_version >= '2.7' and python_version not in '3.0, 3.1, 3.2, 3.3'",
            "version": "==2.3.1"
        },
        "regex": {
            "hashes": [
                "sha256:02543d6d5c32d361b7cc468079ba4cddaaf4a6544f655901ba1ff9d8e3f18755",
                "sha256:036d1c1fbe69eba3ee253c107e71749cdbb4776db93d674bc0d5e28f30300734",
                "sha256:071bcb625e890f28b7c4573124a6512ea65107152b1d3ca101ce33a52dad4593",
                "sha256:0f8da3145f4b72f7ce6181c804eaa44cdcea313c8998cdade3d9e20a8717a9cb",
                "sha256:0fb6cb16518ac7eff29d1e0b0cce90275dfae0f17154165491058c31d58bdd1d",
                "sha256:0fd464e547dbabf4652ca5fe9d88d75ec30182981e737c07b3410235a44b9939",
                "sha256:12af15b6edb00e425f713160cfd361126e624ec0de86e74f7cad4b97b7f169b3",
                "sha256:165cc75cfa5aa0f12adb2ac6286330e7229a06dc0e6c004ec35da682b5b89579",
                "sha256:1a07e8366115069f26822c47732122ab61598830a69f5629a37ea8881487c107",
                "sha256:1c2de7f32fa87d04d40f54bce3843af430697aba51c3a114aa62837a0772f219",
                "sha256:253f858a0255cd91a0424a4b15c2eedb12f20274f85731b0d861c8137e843065",
                "sha256:275afc7352982ee947fc88f67a034b52c78395977b5fc7c9be15f7dc95b76f06",
                "sha256:2bde99f2cdfd6db1ec7e02d68cadd384ffe7413831373ea7cc68c5415a0cb577",
                "sha256:3241db067a7f69da57fba8bca543ac8a7ca415d91e77315690202749b9fdaba1",
                "sha256:37903d5ca11fa47577e8952d2e2c6de28553b11c70defee827afb941ab2c6729",
                "sha256:3dfbadb7b74d95f72f9f9dbf9778f7de92722ab520a109ceaf7927461fa85b10",
                "sha256:3e35c50b27f36176c792738cb9b858523053bc495044d2c2b44db24376b266f1",
                "sha256:3e9e983fc8e0d4d5ded7caa5aed39ca2cf6026d7e39801ef6f0af0b1b6cd9276",
                "sha256:3f6bd8178cce5bb56336722d5569d19c50bba5915a69a2050c497fb921e7cb0f",
                "sha256:43ee0df35925ae4b0cc6ee3f60b73369e559dd2ac40945044da9394dd9d3a51d",
                "sha256:45b761406777a681db0c24686178532134c937d24448d9e085279b69e9eb7da4",
                "sha256:46cbc5b23f85e94161b093dba1b49035697cf44c7db3c930adabfc0e6d861b95",
                "sha256:4f2e2cef324ca9355049ee1e712f68e2e92716eba24275e6767b9bfa15f1f478",
                "sha256:50b77622016f03989cd06ecf6b602c7a6b4ed2e3ce04133876b041d109c934ee",
                "sha256:582ea06079a03750b5f71e20a87cd99e646d796638b5894ff85987ebf5e04924",
                "sha256:58521abdab76583bd41ef47e5e2ddd93b32501aee4ee8cee71dee10a45ba46b1",
                "sha256:5b9c7b6895a01204296e9523b3e12b43e013835a9de035a783907c2c1bc447f0",
                "sha256:6165e737acb3bea3271372e8aa5ebe7226c8a8e8da1b94af2d6547c5a09d689d",
                "sha256:66fb765b2173d90389384708e3e1d3e4be1148bd8d4d50476b1469da5a2f0229",
                "sha256:68aed3fb0c61296bd6d234f558f78c51671f79ccb069cbcd428c2eea6fee7a5b",
                "sha256:6a0ef57cccd8089b4249eebad95065390e56c04d4a92c51316eab4131bca96a9",
                "sha256:709396c0c95b95045fac89b94f997410ff39b81a09863fe21002f390d48cc7d3",
                "sha256:73ed1b06abadbf6b61f6033a07c06f36ec0ddca117e41ef2ac37056705e46458",
                "sha256:7a608022f4593fc67518c6c599ae5abdb03bb8acd75993c82cd7a4c8100eff81",
                "sha256:7c4d9770e579eb11b582b2e2fd19fa204a15cb1589ae73cd4dcbb63b64f3e828",
                "sha256:7dbc96419ef0fb6ac56626014e6d3a345aeb8b17a3df8830235a88626ffc8d84",
                "sha256:7f271d0831d8ebc56e17b37f9fa1824b0379221d1238ae77c18a6e8c47f1fdce",
                "sha256:82b7fc67e49fdce671bdbec1127189fc979badf062ce6e79dc95ef5e07a8bf92",
                "sha256:85b7ee4d0c7a46296d884f6b489af8b960c4291d76aea4b22fd4fbe05e6ec08e",
                "sha256:8b747cef8e5dcdaf394192d43a0c02f5825aeb0ecd3d43e63ae500332ab830b0",
                "sha256:8bf867ba71856414a482e4b683500f946c300c4896e472e51d3db8dfa8dc8f32",
                "sha256:8e0da7ef160d4f3eb3d4d3e39a02c3c42f7dbcfce62c81f784cc99fc7059765f",
                "sha256:8e7d33f93cdd01868327d834d0f5bb029241cd293b47d51b96814dec27fc9b4b",
                "sha256:92183e9180c392371079262879c6532ccf55f808e6900df5d9f03c9ca8807255",
                "sha256:92ad03f928675ca05b79d3b1d3dfc149e2226d57ed9d57808f82105d511d0212",
                "sha256:97af238389cb029d63d5f2d931a7e8f5954ad96e812de5faaed373b68e74df86",
                "sha256:9913bcf730eb6e9b441fb176832eea9acbebab6035542c7c89d90c803f5cd3be",
                "sha256:9dae5affbb66178dad6c6fd5b02221ca9917e016c75ee3945e9a9563eb1fbb6f",
                "sha256:a850f5f369f1e3b6239da7fb43d1d029c1e178263df671819889c47caf7e4ff3",
                "sha256:aa6daa189db9104787ff1fd7a7623ce017077aa59eaac609d0d25ba95ed251a0",
                "sha256:aabc28f7599f781ddaeac168d0b566d0db82182cc3dcf62129f0a4fc2927b811",
                "sha256:af1e687ffab18a75409e5e5d6215b6ccd41a5a1a0ea6ce9665e01253f737a0d3",
                "sha256:b1d53835922cd0f9b74b2742453a444865a70abae38d12eb41c59271da66f38d",
                "sha256:b2df3ede85d778c949d9bd2a50237072cee3df0a423c91f5514f78f8035bde87",
                "sha256:b415b82e5be7389ec5ee7ee35431e4a549ea327caacf73b697c6b3538cb5c87f",
                "sha256:b7ba3c304a4a5d8112dbd30df8b3e4ef59b4b07807957d3c410d9713abaee9a8",
                "sha256:bcc6f7a3a95119c3568c572ca167ada75f8319890706283b9ba59b3489c9bcb3",
                "sha256:be392d9cd5309509175a9d7660dc17bf57084501108dbff0c5a8bfc3646048c3",
                "sha256:bea61de0c688198e3d9479344228c7accaa22a78b58ec408e41750ebafee6c08",
                "sha256:bedb3d01ad35ea1745bdb1d57f3ee0f996f988c98f5bbae9d068c3bb3065d210",
                "sha256:c36906a7855ec33a9083608e6cd595e4729dab18aeb9aad0dd0b039240266239",
                "sha256:c4fdf837666f7793a5c3cfa2f2f39f03eb6c7e92e831bc64486c2f547580c2b3",
                "sha256:cfad3a770839aa456ff9a9aa0e253d98b628d005a3ccb37da1ff9be7c84fee16",
                "sha256:d128e278e5e554c5c022c7bed410ca851e00bacebbb4460de546a73bc53f8de4",
                "sha256:dffd9114ade73137ab2b79a8faf864683dbd2dbbb6b23a305fbbd4cbaeeb2187",
                "sha256:e2acf5c66fbb62b5fe4c40978ddebafa50818f00bf79d60569d9762f6356336e",
                "sha256:e65580ae3137bce712f505ec7c2d700aef0014a3878c4767b74aff5895fc454f",
                "sha256:e944268445b5694f5d41292c9228f0ca46d5a32a67f195d5f8547c1f1d91f4bc",
                "sha256:ed26c3d2d62c6588e0dad175b8d8cc0942a638f32d07b80f92043e5d73b7db67",
                "sha256:ed625205f5f26984382b68e4cbcbc08e6603c9e84c14b38457170b0cc71c823b",
                "sha256:f2a5d9f612091812dee18375a45d046526452142e7b78c4e21ab192db15453d5",
                "sha256:f86aef546add4ff1202e1f31e9bb54f9268f17d996b2428877283146bf9bc013",
                "sha256:f89d26e50a4c7453cb8c415acd09e72fbade2610606a9c500a1e48c43210a42d",
                "sha256:fb7107faf0168de087f62a2f2ed00f9e9da12e0b801582b516ddac236b871cda"
            ],
            "markers": "python_version >= '3.6'",
            "version": "==2022.4.24"
        },
        "toml": {
            "hashes": [
                "sha256:806143ae5bfb6a3c6e736a764057db0e6a0e05e338b5630894a5f779cabb4f9b",
                "sha256:b3bda1d108d5dd99f4a20d24d9c348e91c4db7ab1b749200bded2f839ccbe68f"
            ],
            "markers": "python_version >= '2.6' and python_version not in '3.0, 3.1, 3.2, 3.3'",
            "version": "==0.10.2"
        },
        "typed-ast": {
            "hashes": [
                "sha256:20d5118e494478ef2d3a2702d964dae830aedd7b4d3b626d003eea526be18718",
                "sha256:27e46cdd01d6c3a0dd8f728b6a938a6751f7bd324817501c15fb056307f918c6",
                "sha256:27f25232e2dd0edfe1f019d6bfaaf11e86e657d9bdb7b0956db95f560cceb2b3",
                "sha256:3042bfc9ca118712c9809201f55355479cfcdc17449f9f8db5e744e9625c6805",
                "sha256:37e5349d1d5de2f4763d534ccb26809d1c24b180a477659a12c4bde9dd677d74",
                "sha256:4fff9fdcce59dc61ec1b317bdb319f8f4e6b69ebbe61193ae0a60c5f9333dc49",
                "sha256:542cd732351ba8235f20faa0fc7398946fe1a57f2cdb289e5497e1e7f48cfedb",
                "sha256:5dc2c11ae59003d4a26dda637222d9ae924387f96acae9492df663843aefad55",
                "sha256:8831479695eadc8b5ffed06fdfb3e424adc37962a75925668deeb503f446c0a3",
                "sha256:8cdf91b0c466a6c43f36c1964772918a2c04cfa83df8001ff32a89e357f8eb06",
                "sha256:8e0b8528838ffd426fea8d18bde4c73bcb4167218998cc8b9ee0a0f2bfe678a6",
                "sha256:8ef1d96ad05a291f5c36895d86d1375c0ee70595b90f6bb5f5fdbee749b146db",
                "sha256:9ad3b48cf2b487be140072fb86feff36801487d4abb7382bb1929aaac80638ea",
                "sha256:9cc9e1457e1feb06b075c8ef8aeb046a28ec351b1958b42c7c31c989c841403a",
                "sha256:9e237e74fd321a55c90eee9bc5d44be976979ad38a29bbd734148295c1ce7617",
                "sha256:c9f1a27592fac87daa4e3f16538713d705599b0a27dfe25518b80b6b017f0a6d",
                "sha256:d64dabc6336ddc10373922a146fa2256043b3b43e61f28961caec2a5207c56d5",
                "sha256:e20d196815eeffb3d76b75223e8ffed124e65ee62097e4e73afb5fec6b993e7a",
                "sha256:e34f9b9e61333ecb0f7d79c21c28aa5cd63bec15cb7e1310d7d3da6ce886bc9b",
                "sha256:ed44e81517364cb5ba367e4f68fca01fba42a7a4690d40c07886586ac267d9b9",
                "sha256:ee852185964744987609b40aee1d2eb81502ae63ee8eef614558f96a56c1902d",
                "sha256:f60d9de0d087454c91b3999a296d0c4558c1666771e3460621875021bf899af9",
                "sha256:f818c5b81966d4728fec14caa338e30a70dfc3da577984d38f97816c4b3071ec",
                "sha256:fd5df1313915dbd70eaaa88c19030b441742e8b05e6103c631c83b75e0435ccc"
            ],
            "markers": "python_version >= '3.6'",
            "version": "==1.5.3"
        },
        "typing-extensions": {
            "hashes": [
                "sha256:7cb407020f00f7bfc3cb3e7881628838e69d8f3fcab2f64742a5e76b2f841918",
                "sha256:99d4073b617d30288f569d3f13d2bd7548c3a7e4c8de87db09a9d29bb3a4a60c",
                "sha256:dafc7639cde7f1b6e1acc0f457842a83e722ccca8eef5270af2d74792619a89f"
            ],
            "index": "pypi",
            "version": "==3.7.4.3"
        }
    }
}
